{
  "name": "quiettune-essentia-bridge",
  "version": "1.0.0",
  "lockfileVersion": 3,
  "requires": true,
  "packages": {
    "": {
      "name": "quiettune-essentia-bridge",
      "version": "1.0.0",
      "dependencies": {
        "essentia.js": "0.1.3"
      }
    },
    "node_modules/essentia.js": {
      "version": "0.1.3",
      "resolved": "https://registry.npmjs.org/essentia.js/-/essentia.js-0.1.3.tgz",
      "integrity": "sha512-vVEPgeVMEBLRXbM5o5H5Rgu53EPHu25vyFKYg+flWLzI/nEoegJQez9FKRv8GR/KxIBwm+fXDEFL+MkQeoHaLw==",
      "license": "AGPL-3.0",
      "dependencies": {
        "node-wav": "0.0.2"
      }
    },
    "node_modules/node-wav": {
      "version": "0.0.2",
      "resolved": "https://registry.npmjs.org/node-wav/-/node-wav-0.0.2.tgz",
      "integrity": "sha512-M6Rm/bbG6De/gKGxOpeOobx/dnGuP0dz40adqx38boqHhlWssBJZgLCPBNtb9NkrmnKYiV04xELq+R6PFOnoLA==",
      "license": "MIT",
      "engines": {
        "node": ">=4.4.0"
      }
    }
  }
}
