absl-py==2.5.0
annotated-doc==0.0.5
annotated-types==0.8.0
anyio==4.15.1
astunparse==1.6.3
audioread==3.1.0
certifi==2026.7.22
cffi==2.1.1
charset-normalizer==3.5.2
click==8.5.0
cloudpickle==3.1.2
colorama==0.4.6
cryptography==50.0.2
decorator==5.3.1
fastapi==0.123.7
flatbuffers==25.12.19
gast==0.7.0
google-auth==2.61.0
google-auth-oauthlib==1.5.0
google-pasta==0.2.0
greenlet==3.5.6
grpcio==1.84.0
h11==0.16.0
h5py==3.16.0
httpcore==1.0.9
httpx==0.28.1
idna==3.20
iniconfig==2.3.1
joblib==1.6.0
keras==2.15.0
lazy-loader==0.6
libclang==18.1.1
librosa==0.11.0
llvmlite==0.50.0
Markdown==3.11
MarkupSafe==3.0.4
ml-dtypes==0.3.2
msgpack==1.2.3
numba==0.68.0
numpy==1.26.4
oauthlib==4.0.0
opt_einsum==3.4.0
packaging==26.3
platformdirs==4.12.4
pluggy==1.6.0
pooch==1.9.0
protobuf==4.25.9
pyasn1==0.6.4
pyasn1_modules==0.4.2
pycparser==3.1
pydantic==2.13.5
pydantic_core==2.46.5
Pygments==2.21.0
pytest==8.4.2
python-multipart==0.0.20
requests==2.34.2
requests-oauthlib==2.0.0
scikit-learn==1.7.2
scipy==1.15.3
six==1.17.0
soundfile==0.13.1
soxr==1.1.0
SQLAlchemy==2.0.44
starlette==0.50.0
tensorboard==2.15.2
tensorboard-data-server==0.7.2
tensorflow==2.15.1
tensorflow-estimator==2.15.0
tensorflow-intel==2.15.1
tensorflow-io-gcs-filesystem==0.31.0
termcolor==3.3.0
threadpoolctl==3.7.0
typing-inspection==0.4.4
typing_extensions==4.16.0
urllib3==2.8.0
uvicorn==0.37.0
Werkzeug==3.1.9
wrapt==1.14.2
